// !$*UTF8*$!
{
	archiveVersion = 1;
	classes = {
	};
	objectVersion = 46;
	objects = {

/* Begin PBXBuildFile section */
		BC62ABA31D72A1CF005C6269 /* AppDelegate.swift in Sources */ = {isa = PBXBuildFile; fileRef = BC62ABA21D72A1CF005C6269 /* AppDelegate.swift */; };
		BC62ABA51D72A1CF005C6269 /* ViewController.swift in Sources */ = {isa = PBXBuildFile; fileRef = BC62ABA41D72A1CF005C6269 /* ViewController.swift */; };
		BC62ABA81D72A1CF005C6269 /* Main.storyboard in Resources */ = {isa = PBXBuildFile; fileRef = BC62ABA61D72A1CF005C6269 /* Main.storyboard */; };
		BC62ABAA1D72A1CF005C6269 /* Assets.xcassets in Resources */ = {isa = PBXBuildFile; fileRef = BC62ABA91D72A1CF005C6269 /* Assets.xcassets */; };
		BC62ABAD1D72A1CF005C6269 /* LaunchScreen.storyboard in Resources */ = {isa = PBXBuildFile; fileRef = BC62ABAB1D72A1CF005C6269 /* LaunchScreen.storyboard */; };
/* End PBXBuildFile section */

/* Begin PBXFileReference section */
		BC62AB9F1D72A1CF005C6269 /* iosApp.app */ = {isa = PBXFileReference; explicitFileType = wrapper.application; includeInIndex = 0; path = iosApp.app; sourceTree = BUILT_PRODUCTS_DIR; };
		BC62ABA21D72A1CF005C6269 /* AppDelegate.swift */ = {isa = PBXFileReference; lastKnownFileType = sourcecode.swift; path = AppDelegate.swift; sourceTree = "<group>"; };
		BC62ABA41D72A1CF005C6269 /* ViewController.swift */ = {isa = PBXFileReference; lastKnownFileType = sourcecode.swift; path = ViewController.swift; sourceTree = "<group>"; };
		BC62ABA71D72A1CF005C6269 /* Base */ = {isa = PBXFileReference; lastKnownFileType = file.storyboard; name = Base; path = Base.lproj/Main.storyboard; sourceTree = "<group>"; };
		BC62ABA91D72A1CF005C6269 /* Assets.xcassets */ = {isa = PBXFileReference; lastKnownFileType = folder.assetcatalog; path = Assets.xcassets; sourceTree = "<group>"; };
		BC62ABAC1D72A1CF005C6269 /* Base */ = {isa = PBXFileReference; lastKnownFileType = file.storyboard; name = Base; path = Base.lproj/LaunchScreen.storyboard; sourceTree = "<group>"; };
		BC62ABAE1D72A1CF005C6269 /* Info.plist */ = {isa = PBXFileReference; lastKnownFileType = text.plist.xml; path = Info.plist; sourceTree = "<group>"; };
/* End PBXFileReference section */

/* Begin PBXFrameworksBuildPhase section */
		BC62AB9C1D72A1CF005C6269 /* Frameworks */ = {
			isa = PBXFrameworksBuildPhase;
			buildActionMask = 2147483647;
			files = (
			);
			runOnlyForDeploymentPostprocessing = 0;
		};
/* End PBXFrameworksBuildPhase section */

/* Begin PBXGroup section */
		BC62AB961D72A1CF005C6269 = {
			isa = PBXGroup;
			children = (
				BC62ABA11D72A1CF005C6269 /* iosApp */,
				BC62ABA01D72A1CF005C6269 /* Products */,
			);
			sourceTree = "<group>";
		};
		BC62ABA01D72A1CF005C6269 /* Products */ = {
			isa = PBXGroup;
			children = (
				BC62AB9F1D72A1CF005C6269 /* iosApp.app */,
			);
			name = Products;
			sourceTree = "<group>";
		};
		BC62ABA11D72A1CF005C6269 /* iosApp */ = {
			isa = PBXGroup;
			children = (
				BC62ABA21D72A1CF005C6269 /* AppDelegate.swift */,
				BC62ABA41D72A1CF005C6269 /* ViewController.swift */,
				BC62ABA61D72A1CF005C6269 /* Main.storyboard */,
				BC62ABA91D72A1CF005C6269 /* Assets.xcassets */,
				BC62ABAB1D72A1CF005C6269 /* LaunchScreen.storyboard */,
				BC62ABAE1D72A1CF005C6269 /* Info.plist */,
			);
			path = iosApp;
			sourceTree = "<group>";
		};
/* End PBXGroup section */

/* Begin PBXNativeTarget section */
		BC62AB9E1D72A1CF005C6269 /* iosApp */ = {
			isa = PBXNativeTarget;
			buildConfigurationList = BC62ABB11D72A1CF005C6269 /* Build configuration list for PBXNativeTarget "iosApp" */;
			buildPhases = (
				BC62AB9B1D72A1CF005C6269 /* Sources */,
				BC62AB9C1D72A1CF005C6269 /* Frameworks */,
				BC62AB9D1D72A1CF005C6269 /* Resources */,
			);
			buildRules = (
			);
			dependencies = (
			);
			name = iosApp;
			productName = iosApp;
			productReference = BC62AB9F1D72A1CF005C6269 /* iosApp.app */;
			productType = "com.apple.product-type.application";
		};
/* End PBXNativeTarget section */

/* Begin PBXProject section */
		BC62AB971D72A1CF005C6269 /* Project object */ = {
			isa = PBXProject;
			attributes = {
				LastSwiftUpdateCheck = 0730;
				LastUpgradeCheck = 0730;
				ORGANIZATIONNAME = "Galen Krulce";
				TargetAttributes = {
					BC62AB9E1D72A1CF005C6269 = {
						CreatedOnToolsVersion = 7.3.1;
					};
				};
			};
			buildConfigurationList = BC62AB9A1D72A1CF005C6269 /* Build configuration list for PBXProject "iosApp" */;
			compatibilityVersion = "Xcode 3.2";
			developmentRegion = English;
			hasScannedForEncodings = 0;
			knownRegions = (
				en,
				Base,
			);
			mainGroup = BC62AB961D72A1CF005C6269;
			productRefGroup = BC62ABA01D72A1CF005C6269 /* Products */;
			projectDirPath = "";
			projectRoot = "";
			targets = (
				BC62AB9E1D72A1CF005C6269 /* iosApp */,
			);
		};
/* End PBXProject section */

/* Begin PBXResourcesBuildPhase section */
		BC62AB9D1D72A1CF005C6269 /* Resources */ = {
			isa = PBXResourcesBuildPhase;
			buildActionMask = 2147483647;
			files = (
				BC62ABAD1D72A1CF005C6269 /* LaunchScreen.storyboard in Resources */,
				BC62ABAA1D72A1CF005C6269 /* Assets.xcassets in Resources */,
				BC62ABA81D72A1CF005C6269 /* Main.storyboard in Resources */,
			);
			runOnlyForDeploymentPostprocessing = 0;
		};
/* End PBXResourcesBuildPhase section */

/* Begin PBXSourcesBuildPhase section */
		BC62AB9B1D72A1CF005C6269 /* Sources */ = {
			isa = PBXSourcesBuildPhase;
			buildActionMask = 2147483647;
			files = (
				BC62ABA51D72A1CF005C6269 /* ViewController.swift in Sources */,
				BC62ABA31D72A1CF005C6269 /* AppDelegate.swift in Sources */,
			);
			runOnlyForDeploymentPostprocessing = 0;
		};
/* End PBXSourcesBuildPhase section */

/* Begin PBXVariantGroup section */
		BC62ABA61D72A1CF005C6269 /* Main.storyboard */ = {
			isa = PBXVariantGroup;
			children = (
				BC62ABA71D72A1CF005C6269 /* Base */,
			);
			name = Main.storyboard;
			sourceTree = "<group>";
		};
		BC62ABAB1D72A1CF005C6269 /* LaunchScreen.storyboard */ = {
			isa = PBXVariantGroup;
			children = (
				BC62ABAC1D72A1CF005C6269 /* Base */,
			);
			name = LaunchScreen.storyboard;
			sourceTree = "<group>";
		};
/* End PBXVariantGroup section */

/* Begin XCBuildConfiguration section */
		BC62ABAF1D72A1CF005C6269 /* Debug */ = {
			isa = XCBuildConfiguration;
			buildSettings = {
				ALWAYS_SEARCH_USER_PATHS = NO;
				CLANG_ANALYZER_NONNULL = YES;
				CLANG_CXX_LANGUAGE_STANDARD = "gnu++0x";
				CLANG_CXX_LIBRARY = "libc++";
				CLANG_ENABLE_MODULES = YES;
				CLANG_ENABLE_OBJC_ARC = YES;
				CLANG_WARN_BOOL_CONVERSION = YES;
				CLANG_WARN_CONSTANT_CONVERSION = YES;
				CLANG_WARN_DIRECT_OBJC_ISA_USAGE = YES_ERROR;
				CLANG_WARN_EMPTY_BODY = YES;
				CLANG_WARN_ENUM_CONVERSION = YES;
				CLANG_WARN_INT_CONVERSION = YES;
				CLANG_WARN_OBJC_ROOT_CLASS = YES_ERROR;
				CLANG_WARN_UNREACHABLE_CODE = YES;
				CLANG_WARN__DUPLICATE_METHOD_MATCH = YES;
				"CODE_SIGN_IDENTITY[sdk=iphoneos*]" = "iPhone Developer";
				COPY_PHASE_STRIP = NO;
				DEBUG_INFORMATION_FORMAT = dwarf;
				ENABLE_STRICT_OBJC_MSGSEND = YES;
				ENABLE_TESTABILITY = YES;
				GCC_C_LANGUAGE_STANDARD = gnu99;
				GCC_DYNAMIC_NO_PIC = NO;
				GCC_NO_COMMON_BLOCKS = YES;
				GCC_OPTIMIZATION_LEVEL = 0;
				GCC_PREPROCESSOR_DEFINITIONS = (
					"DEBUG=1",
					"$(inherited)",
				);
				GCC_WARN_64_TO_32_BIT_CONVERSION = YES;
				GCC_WARN_ABOUT_RETURN_TYPE = YES_ERROR;
				GCC_WARN_UNDECLARED_SELECTOR = YES;
				GCC_WARN_UNINITIALIZED_AUTOS = YES_AGGRESSIVE;
				GCC_WARN_UNUSED_FUNCTION = YES;
				GCC_WARN_UNUSED_VARIABLE = YES;
				IPHONEOS_DEPLOYMENT_TARGET = 9.3;
				MTL_ENABLE_DEBUG_INFO = YES;
				ONLY_ACTIVE_ARCH = YES;
				SDKROOT = iphoneos;
				SWIFT_OPTIMIZATION_LEVEL = "-Onone";
				TARGETED_DEVICE_FAMILY = "1,2";
			};
			name = Debug;
		};
		BC62ABB01D72A1CF005C6269 /* Release */ = {
			isa = XCBuildConfiguration;
			buildSettings = {
				ALWAYS_SEARCH_USER_PATHS = NO;
				CLANG_ANALYZER_NONNULL = YES;
				CLANG_CXX_LANGUAGE_STANDARD = "gnu++0x";
				CLANG_CXX_LIBRARY = "libc++";
				CLANG_ENABLE_MODULES = YES;
				CLANG_ENABLE_OBJC_ARC = YES;
				CLANG_WARN_BOOL_CONVERSION = YES;
				CLANG_WARN_CONSTANT_CONVERSION = YES;
				CLANG_WARN_DIRECT_OBJC_ISA_USAGE = YES_ERROR;
				CLANG_WARN_EMPTY_BODY = YES;
				CLANG_WARN_ENUM_CONVERSION = YES;
				CLANG_WARN_INT_CONVERSION = YES;
				CLANG_WARN_OBJC_ROOT_CLASS = YES_ERROR;
				CLANG_WARN_UNREACHABLE_CODE = YES;
				CLANG_WARN__DUPLICATE_METHOD_MATCH = YES;
				"CODE_SIGN_IDENTITY[sdk=iphoneos*]" = "iPhone Developer";
				COPY_PHASE_STRIP = NO;
				DEBUG_INFORMATION_FORMAT = "dwarf-with-dsym";
				ENABLE_NS_ASSERTIONS = NO;
				ENABLE_STRICT_OBJC_MSGSEND = YES;
				GCC_C_LANGUAGE_STANDARD = gnu99;
				GCC_NO_COMMON_BLOCKS = YES;
				GCC_WARN_64_TO_32_BIT_CONVERSION = YES;
				GCC_WARN_ABOUT_RETURN_TYPE = YES_ERROR;
				GCC_WARN_UNDECLARED_SELECTOR = YES;
				GCC_WARN_UNINITIALIZED_AUTOS = YES_AGGRESSIVE;
				GCC_WARN_UNUSED_FUNCTION = YES;
				GCC_WARN_UNUSED_VARIABLE = YES;
				IPHONEOS_DEPLOYMENT_TARGET = 9.3;
				MTL_ENABLE_DEBUG_INFO = NO;
				SDKROOT = iphoneos;
				TARGETED_DEVICE_FAMILY = "1,2";
				VALIDATE_PRODUCT = YES;
			};
			name = Release;
		};
		BC62ABB21D72A1CF005C6269 /* Debug */ = {
			isa = XCBuildConfiguration;
			buildSettings = {
				ASSETCATALOG_COMPILER_APPICON_NAME = AppIcon;
				INFOPLIST_FILE = iosApp/Info.plist;
				LD_RUNPATH_SEARCH_PATHS = "$(inherited) @executable_path/Frameworks";
				PRODUCT_BUNDLE_IDENTIFIER = UCSD.iosApp;
				PRODUCT_NAME = "$(TARGET_NAME)";
			};
			name = Debug;
		};
		BC62ABB31D72A1CF005C6269 /* Release */ = {
			isa = XCBuildConfiguration;
			buildSettings = {
				ASSETCATALOG_COMPILER_APPICON_NAME = AppIcon;
				INFOPLIST_FILE = iosApp/Info.plist;
				LD_RUNPATH_SEARCH_PATHS = "$(inherited) @executable_path/Frameworks";
				PRODUCT_BUNDLE_IDENTIFIER = UCSD.iosApp;
				PRODUCT_NAME = "$(TARGET_NAME)";
			};
			name = Release;
		};
/* End XCBuildConfiguration section */

/* Begin XCConfigurationList section */
		BC62AB9A1D72A1CF005C6269 /* Build configuration list for PBXProject "iosApp" */ = {
			isa = XCConfigurationList;
			buildConfigurations = (
				BC62ABAF1D72A1CF005C6269 /* Debug */,
				BC62ABB01D72A1CF005C6269 /* Release */,
			);
			defaultConfigurationIsVisible = 0;
			defaultConfigurationName = Release;
		};
		BC62ABB11D72A1CF005C6269 /* Build configuration list for PBXNativeTarget "iosApp" */ = {
			isa = XCConfigurationList;
			buildConfigurations = (
				BC62ABB21D72A1CF005C6269 /* Debug */,
				BC62ABB31D72A1CF005C6269 /* Release */,
			);
			defaultConfigurationIsVisible = 0;
		};
/* End XCConfigurationList section */
	};
	rootObject = BC62AB971D72A1CF005C6269 /* Project object */;
}
